// !$*UTF8*$!
{
	archiveVersion = 1;
	classes = {
	};
	objectVersion = 46;
	objects = {

/* Begin PBXBuildFile section */
		4480E6F27852D29FE8545241E67AE8CD /* Foundation.framework in Frameworks */ = {isa = PBXBuildFile; fileRef = 5A16F4CFC63FAC439D7A04994F579A03 /* Foundation.framework */; };
		46A775DA212EC8700051D692 /* MIAssetPickerViewDelegate.swift in Sources */ = {isa = PBXBuildFile; fileRef = 46A775C1212EC8700051D692 /* MIAssetPickerViewDelegate.swift */; };
		46A775DB212EC8700051D692 /* MIAssetPickerView.swift in Sources */ = {isa = PBXBuildFile; fileRef = 46A775C2212EC8700051D692 /* MIAssetPickerView.swift */; };
		46A775DC212EC8700051D692 /* MIGradientView.swift in Sources */ = {isa = PBXBuildFile; fileRef = 46A775C3212EC8700051D692 /* MIGradientView.swift */; };
		46A775DD212EC8700051D692 /* StaticCollectionViewCell.swift in Sources */ = {isa = PBXBuildFile; fileRef = 46A775C5212EC8700051D692 /* StaticCollectionViewCell.swift */; };
		46A775DE212EC8700051D692 /* PhotoCaptureCollectionViewCell.swift in Sources */ = {isa = PBXBuildFile; fileRef = 46A775C6212EC8700051D692 /* PhotoCaptureCollectionViewCell.swift */; };
		46A775DF212EC8700051D692 /* AssetCollectionViewCell.swift in Sources */ = {isa = PBXBuildFile; fileRef = 46A775C7212EC8700051D692 /* AssetCollectionViewCell.swift */; };
		46A775E0212EC8700051D692 /* MIAsset.swift in Sources */ = {isa = PBXBuildFile; fileRef = 46A775C8212EC8700051D692 /* MIAsset.swift */; };
		46A775E1212EC8700051D692 /* MIVideoPreviewView.swift in Sources */ = {isa = PBXBuildFile; fileRef = 46A775CA212EC8700051D692 /* MIVideoPreviewView.swift */; };
		46A775E2212EC8700051D692 /* MIPhotoCaptureProcessor.swift in Sources */ = {isa = PBXBuildFile; fileRef = 46A775CB212EC8700051D692 /* MIPhotoCaptureProcessor.swift */; };
		46A775E3212EC8700051D692 /* MIExifContainer.swift in Sources */ = {isa = PBXBuildFile; fileRef = 46A775CC212EC8700051D692 /* MIExifContainer.swift */; };
		46A775E4212EC8700051D692 /* MICameraManager.swift in Sources */ = {isa = PBXBuildFile; fileRef = 46A775CD212EC8700051D692 /* MICameraManager.swift */; };
		46A775E5212EC8700051D692 /* MIAssetsManagerDelegate.swift in Sources */ = {isa = PBXBuildFile; fileRef = 46A775CF212EC8700051D692 /* MIAssetsManagerDelegate.swift */; };
		46A775E6212EC8700051D692 /* MIAssetsManager.swift in Sources */ = {isa = PBXBuildFile; fileRef = 46A775D0212EC8700051D692 /* MIAssetsManager.swift */; };
		46A775E7212EC8700051D692 /* MITextMessageInputTextView.swift in Sources */ = {isa = PBXBuildFile; fileRef = 46A775D3212EC8700051D692 /* MITextMessageInputTextView.swift */; };
		46A775E8212EC8700051D692 /* AssetInputCollectionViewCell.swift in Sources */ = {isa = PBXBuildFile; fileRef = 46A775D4212EC8700051D692 /* AssetInputCollectionViewCell.swift */; };
		46A775E9212EC8700051D692 /* MIAssetInputButton.swift in Sources */ = {isa = PBXBuildFile; fileRef = 46A775D5212EC8700051D692 /* MIAssetInputButton.swift */; };
		46A775EA212EC8700051D692 /* MIMessageInputView.swift in Sources */ = {isa = PBXBuildFile; fileRef = 46A775D6212EC8700051D692 /* MIMessageInputView.swift */; };
		46A775EB212EC8700051D692 /* MIMessageInputViewDelegate.swift in Sources */ = {isa = PBXBuildFile; fileRef = 46A775D7212EC8700051D692 /* MIMessageInputViewDelegate.swift */; };
		46A775EC212EC8700051D692 /* Media.xcassets in Resources */ = {isa = PBXBuildFile; fileRef = 46A775D9212EC8700051D692 /* Media.xcassets */; };
		46A775FD212ECA420051D692 /* MessageInputManager-prefix.pch in Headers */ = {isa = PBXBuildFile; fileRef = 46A775F7212ECA420051D692 /* MessageInputManager-prefix.pch */; };
		46A77600212ECA420051D692 /* MessageInputManager-umbrella.h in Headers */ = {isa = PBXBuildFile; fileRef = 46A775FA212ECA420051D692 /* MessageInputManager-umbrella.h */; };
/* End PBXBuildFile section */

/* Begin PBXFileReference section */
		46A775C1212EC8700051D692 /* MIAssetPickerViewDelegate.swift */ = {isa = PBXFileReference; fileEncoding = 4; lastKnownFileType = sourcecode.swift; path = MIAssetPickerViewDelegate.swift; sourceTree = "<group>"; };
		46A775C2212EC8700051D692 /* MIAssetPickerView.swift */ = {isa = PBXFileReference; fileEncoding = 4; lastKnownFileType = sourcecode.swift; path = MIAssetPickerView.swift; sourceTree = "<group>"; };
		46A775C3212EC8700051D692 /* MIGradientView.swift */ = {isa = PBXFileReference; fileEncoding = 4; lastKnownFileType = sourcecode.swift; path = MIGradientView.swift; sourceTree = "<group>"; };
		46A775C5212EC8700051D692 /* StaticCollectionViewCell.swift */ = {isa = PBXFileReference; fileEncoding = 4; lastKnownFileType = sourcecode.swift; path = StaticCollectionViewCell.swift; sourceTree = "<group>"; };
		46A775C6212EC8700051D692 /* PhotoCaptureCollectionViewCell.swift */ = {isa = PBXFileReference; fileEncoding = 4; lastKnownFileType = sourcecode.swift; path = PhotoCaptureCollectionViewCell.swift; sourceTree = "<group>"; };
		46A775C7212EC8700051D692 /* AssetCollectionViewCell.swift */ = {isa = PBXFileReference; fileEncoding = 4; lastKnownFileType = sourcecode.swift; path = AssetCollectionViewCell.swift; sourceTree = "<group>"; };
		46A775C8212EC8700051D692 /* MIAsset.swift */ = {isa = PBXFileReference; fileEncoding = 4; lastKnownFileType = sourcecode.swift; path = MIAsset.swift; sourceTree = "<group>"; };
		46A775CA212EC8700051D692 /* MIVideoPreviewView.swift */ = {isa = PBXFileReference; fileEncoding = 4; lastKnownFileType = sourcecode.swift; path = MIVideoPreviewView.swift; sourceTree = "<group>"; };
		46A775CB212EC8700051D692 /* MIPhotoCaptureProcessor.swift */ = {isa = PBXFileReference; fileEncoding = 4; lastKnownFileType = sourcecode.swift; path = MIPhotoCaptureProcessor.swift; sourceTree = "<group>"; };
		46A775CC212EC8700051D692 /* MIExifContainer.swift */ = {isa = PBXFileReference; fileEncoding = 4; lastKnownFileType = sourcecode.swift; path = MIExifContainer.swift; sourceTree = "<group>"; };
		46A775CD212EC8700051D692 /* MICameraManager.swift */ = {isa = PBXFileReference; fileEncoding = 4; lastKnownFileType = sourcecode.swift; path = MICameraManager.swift; sourceTree = "<group>"; };
		46A775CF212EC8700051D692 /* MIAssetsManagerDelegate.swift */ = {isa = PBXFileReference; fileEncoding = 4; lastKnownFileType = sourcecode.swift; path = MIAssetsManagerDelegate.swift; sourceTree = "<group>"; };
		46A775D0212EC8700051D692 /* MIAssetsManager.swift */ = {isa = PBXFileReference; fileEncoding = 4; lastKnownFileType = sourcecode.swift; path = MIAssetsManager.swift; sourceTree = "<group>"; };
		46A775D3212EC8700051D692 /* MITextMessageInputTextView.swift */ = {isa = PBXFileReference; fileEncoding = 4; lastKnownFileType = sourcecode.swift; path = MITextMessageInputTextView.swift; sourceTree = "<group>"; };
		46A775D4212EC8700051D692 /* AssetInputCollectionViewCell.swift */ = {isa = PBXFileReference; fileEncoding = 4; lastKnownFileType = sourcecode.swift; path = AssetInputCollectionViewCell.swift; sourceTree = "<group>"; };
		46A775D5212EC8700051D692 /* MIAssetInputButton.swift */ = {isa = PBXFileReference; fileEncoding = 4; lastKnownFileType = sourcecode.swift; path = MIAssetInputButton.swift; sourceTree = "<group>"; };
		46A775D6212EC8700051D692 /* MIMessageInputView.swift */ = {isa = PBXFileReference; fileEncoding = 4; lastKnownFileType = sourcecode.swift; path = MIMessageInputView.swift; sourceTree = "<group>"; };
		46A775D7212EC8700051D692 /* MIMessageInputViewDelegate.swift */ = {isa = PBXFileReference; fileEncoding = 4; lastKnownFileType = sourcecode.swift; path = MIMessageInputViewDelegate.swift; sourceTree = "<group>"; };
		46A775D9212EC8700051D692 /* Media.xcassets */ = {isa = PBXFileReference; lastKnownFileType = folder.assetcatalog; path = Media.xcassets; sourceTree = "<group>"; };
		46A775EF212EC8B00051D692 /* LICENSE */ = {isa = PBXFileReference; fileEncoding = 4; lastKnownFileType = text; path = LICENSE; sourceTree = "<group>"; };
		46A775F0212EC8B00051D692 /* MessageInputManager.podspec */ = {isa = PBXFileReference; fileEncoding = 4; lastKnownFileType = text; path = MessageInputManager.podspec; sourceTree = "<group>"; };
		46A775F1212EC8B00051D692 /* README.md */ = {isa = PBXFileReference; fileEncoding = 4; lastKnownFileType = net.daringfireball.markdown; path = README.md; sourceTree = "<group>"; };
		46A775F7212ECA420051D692 /* MessageInputManager-prefix.pch */ = {isa = PBXFileReference; fileEncoding = 4; lastKnownFileType = sourcecode.c.h; name = "MessageInputManager-prefix.pch"; path = "MessageInputManager/MessageInputManager-prefix.pch"; sourceTree = "<group>"; };
		46A775F9212ECA420051D692 /* Info.plist */ = {isa = PBXFileReference; fileEncoding = 4; lastKnownFileType = text.plist.xml; name = Info.plist; path = MessageInputManager/Info.plist; sourceTree = "<group>"; };
		46A775FA212ECA420051D692 /* MessageInputManager-umbrella.h */ = {isa = PBXFileReference; fileEncoding = 4; lastKnownFileType = sourcecode.c.h; name = "MessageInputManager-umbrella.h"; path = "MessageInputManager/MessageInputManager-umbrella.h"; sourceTree = "<group>"; };
		5A16F4CFC63FAC439D7A04994F579A03 /* Foundation.framework */ = {isa = PBXFileReference; lastKnownFileType = wrapper.framework; name = Foundation.framework; path = Platforms/iPhoneOS.platform/Developer/SDKs/iPhoneOS11.3.sdk/System/Library/Frameworks/Foundation.framework; sourceTree = DEVELOPER_DIR; };
		F9DC07E4DF51C35472266E370C2E1997 /* MessageInputManager.framework */ = {isa = PBXFileReference; explicitFileType = wrapper.framework; includeInIndex = 0; path = MessageInputManager.framework; sourceTree = BUILT_PRODUCTS_DIR; };
/* End PBXFileReference section */

/* Begin PBXFrameworksBuildPhase section */
		DD20D0FE92440ACF096EE37D2D11EE39 /* Frameworks */ = {
			isa = PBXFrameworksBuildPhase;
			buildActionMask = 2147483647;
			files = (
				4480E6F27852D29FE8545241E67AE8CD /* Foundation.framework in Frameworks */,
			);
			runOnlyForDeploymentPostprocessing = 0;
		};
/* End PBXFrameworksBuildPhase section */

/* Begin PBXGroup section */
		46A775BE212EC8700051D692 /* MessageInputManager */ = {
			isa = PBXGroup;
			children = (
				46A775BF212EC8700051D692 /* Classes */,
				46A775D8212EC8700051D692 /* Assets */,
			);
			path = MessageInputManager;
			sourceTree = "<group>";
		};
		46A775BF212EC8700051D692 /* Classes */ = {
			isa = PBXGroup;
			children = (
				46A775C0212EC8700051D692 /* AssetsPickerView */,
				46A775C9212EC8700051D692 /* CameraManager */,
				46A775CE212EC8700051D692 /* AssetsManager */,
				46A775D1212EC8700051D692 /* MessageInputView */,
			);
			path = Classes;
			sourceTree = "<group>";
		};
		46A775C0212EC8700051D692 /* AssetsPickerView */ = {
			isa = PBXGroup;
			children = (
				46A775C1212EC8700051D692 /* MIAssetPickerViewDelegate.swift */,
				46A775C2212EC8700051D692 /* MIAssetPickerView.swift */,
				46A775C3212EC8700051D692 /* MIGradientView.swift */,
				46A775C8212EC8700051D692 /* MIAsset.swift */,
				46A775C4212EC8700051D692 /* AssetListCollectionViewCells */,
			);
			path = AssetsPickerView;
			sourceTree = "<group>";
		};
		46A775C4212EC8700051D692 /* AssetListCollectionViewCells */ = {
			isa = PBXGroup;
			children = (
				46A775C5212EC8700051D692 /* StaticCollectionViewCell.swift */,
				46A775C6212EC8700051D692 /* PhotoCaptureCollectionViewCell.swift */,
				46A775C7212EC8700051D692 /* AssetCollectionViewCell.swift */,
			);
			path = AssetListCollectionViewCells;
			sourceTree = "<group>";
		};
		46A775C9212EC8700051D692 /* CameraManager */ = {
			isa = PBXGroup;
			children = (
				46A775CA212EC8700051D692 /* MIVideoPreviewView.swift */,
				46A775CB212EC8700051D692 /* MIPhotoCaptureProcessor.swift */,
				46A775CC212EC8700051D692 /* MIExifContainer.swift */,
				46A775CD212EC8700051D692 /* MICameraManager.swift */,
			);
			path = CameraManager;
			sourceTree = "<group>";
		};
		46A775CE212EC8700051D692 /* AssetsManager */ = {
			isa = PBXGroup;
			children = (
				46A775CF212EC8700051D692 /* MIAssetsManagerDelegate.swift */,
				46A775D0212EC8700051D692 /* MIAssetsManager.swift */,
			);
			path = AssetsManager;
			sourceTree = "<group>";
		};
		46A775D1212EC8700051D692 /* MessageInputView */ = {
			isa = PBXGroup;
			children = (
				46A775D2212EC8700051D692 /* CustomMessageInputViews */,
				46A775D6212EC8700051D692 /* MIMessageInputView.swift */,
				46A775D7212EC8700051D692 /* MIMessageInputViewDelegate.swift */,
			);
			path = MessageInputView;
			sourceTree = "<group>";
		};
		46A775D2212EC8700051D692 /* CustomMessageInputViews */ = {
			isa = PBXGroup;
			children = (
				46A775D3212EC8700051D692 /* MITextMessageInputTextView.swift */,
				46A775D4212EC8700051D692 /* AssetInputCollectionViewCell.swift */,
				46A775D5212EC8700051D692 /* MIAssetInputButton.swift */,
			);
			path = CustomMessageInputViews;
			sourceTree = "<group>";
		};
		46A775D8212EC8700051D692 /* Assets */ = {
			isa = PBXGroup;
			children = (
				46A775D9212EC8700051D692 /* Media.xcassets */,
			);
			path = Assets;
			sourceTree = "<group>";
		};
		46A775EE212EC8930051D692 /* Deployment */ = {
			isa = PBXGroup;
			children = (
				46A775EF212EC8B00051D692 /* LICENSE */,
				46A775F0212EC8B00051D692 /* MessageInputManager.podspec */,
				46A775F1212EC8B00051D692 /* README.md */,
			);
			name = Deployment;
			sourceTree = "<group>";
		};
		46A775F5212EC9460051D692 /* Supporting Files */ = {
			isa = PBXGroup;
			children = (
				46A775F9212ECA420051D692 /* Info.plist */,
				46A775F7212ECA420051D692 /* MessageInputManager-prefix.pch */,
				46A775FA212ECA420051D692 /* MessageInputManager-umbrella.h */,
			);
			name = "Supporting Files";
			sourceTree = "<group>";
		};
		5E0D919E635D23B70123790B8308F8EF /* iOS */ = {
			isa = PBXGroup;
			children = (
				5A16F4CFC63FAC439D7A04994F579A03 /* Foundation.framework */,
			);
			name = iOS;
			sourceTree = "<group>";
		};
		7DB346D0F39D3F0E887471402A8071AB = {
			isa = PBXGroup;
			children = (
				83C36D17A0657231C33B5D98746A74D3 /* Development Pods */,
				46A775EE212EC8930051D692 /* Deployment */,
				BC3CA7F9E30CC8F7E2DD044DD34432FC /* Frameworks */,
				DE21175F3D661D74D053E747C4696964 /* Products */,
			);
			sourceTree = "<group>";
		};
		83C36D17A0657231C33B5D98746A74D3 /* Development Pods */ = {
			isa = PBXGroup;
			children = (
				46A775BE212EC8700051D692 /* MessageInputManager */,
				46A775F5212EC9460051D692 /* Supporting Files */,
			);
			name = "Development Pods";
			sourceTree = "<group>";
		};
		BC3CA7F9E30CC8F7E2DD044DD34432FC /* Frameworks */ = {
			isa = PBXGroup;
			children = (
				5E0D919E635D23B70123790B8308F8EF /* iOS */,
			);
			name = Frameworks;
			sourceTree = "<group>";
		};
		DE21175F3D661D74D053E747C4696964 /* Products */ = {
			isa = PBXGroup;
			children = (
				F9DC07E4DF51C35472266E370C2E1997 /* MessageInputManager.framework */,
			);
			name = Products;
			sourceTree = "<group>";
		};
/* End PBXGroup section */

/* Begin PBXHeadersBuildPhase section */
		ECA0D4EEF6CAB9261965029E10C4F47E /* Headers */ = {
			isa = PBXHeadersBuildPhase;
			buildActionMask = 2147483647;
			files = (
				46A775FD212ECA420051D692 /* MessageInputManager-prefix.pch in Headers */,
				46A77600212ECA420051D692 /* MessageInputManager-umbrella.h in Headers */,
			);
			runOnlyForDeploymentPostprocessing = 0;
		};
/* End PBXHeadersBuildPhase section */

/* Begin PBXNativeTarget section */
		421E86C11C62786C87ED147FE03275F3 /* MessageInputManager */ = {
			isa = PBXNativeTarget;
			buildConfigurationList = 96D22DE6F7379D131988D723A0ECEEDD /* Build configuration list for PBXNativeTarget "MessageInputManager" */;
			buildPhases = (
				8E925D1267CEB08926D178C2631A1B53 /* Sources */,
				46A775BB212EB0E40051D692 /* Resources */,
				DD20D0FE92440ACF096EE37D2D11EE39 /* Frameworks */,
				ECA0D4EEF6CAB9261965029E10C4F47E /* Headers */,
			);
			buildRules = (
			);
			dependencies = (
			);
			name = MessageInputManager;
			productName = MessageInputManager;
			productReference = F9DC07E4DF51C35472266E370C2E1997 /* MessageInputManager.framework */;
			productType = "com.apple.product-type.framework";
		};
/* End PBXNativeTarget section */

/* Begin PBXProject section */
		D41D8CD98F00B204E9800998ECF8427E /* Project object */ = {
			isa = PBXProject;
			attributes = {
				LastSwiftUpdateCheck = 0930;
				LastUpgradeCheck = 0940;
				TargetAttributes = {
					421E86C11C62786C87ED147FE03275F3 = {
						LastSwiftMigration = 0940;
					};
				};
			};
			buildConfigurationList = 2D8E8EC45A3A1A1D94AE762CB5028504 /* Build configuration list for PBXProject "MessageInputManager" */;
			compatibilityVersion = "Xcode 3.2";
			developmentRegion = English;
			hasScannedForEncodings = 0;
			knownRegions = (
				en,
			);
			mainGroup = 7DB346D0F39D3F0E887471402A8071AB;
			productRefGroup = DE21175F3D661D74D053E747C4696964 /* Products */;
			projectDirPath = "";
			projectRoot = "";
			targets = (
				421E86C11C62786C87ED147FE03275F3 /* MessageInputManager */,
			);
		};
/* End PBXProject section */

/* Begin PBXResourcesBuildPhase section */
		46A775BB212EB0E40051D692 /* Resources */ = {
			isa = PBXResourcesBuildPhase;
			buildActionMask = 2147483647;
			files = (
				46A775EC212EC8700051D692 /* Media.xcassets in Resources */,
			);
			runOnlyForDeploymentPostprocessing = 0;
		};
/* End PBXResourcesBuildPhase section */

/* Begin PBXSourcesBuildPhase section */
		8E925D1267CEB08926D178C2631A1B53 /* Sources */ = {
			isa = PBXSourcesBuildPhase;
			buildActionMask = 2147483647;
			files = (
				46A775DD212EC8700051D692 /* StaticCollectionViewCell.swift in Sources */,
				46A775DE212EC8700051D692 /* PhotoCaptureCollectionViewCell.swift in Sources */,
				46A775E7212EC8700051D692 /* MITextMessageInputTextView.swift in Sources */,
				46A775E0212EC8700051D692 /* MIAsset.swift in Sources */,
				46A775E8212EC8700051D692 /* AssetInputCollectionViewCell.swift in Sources */,
				46A775E9212EC8700051D692 /* MIAssetInputButton.swift in Sources */,
				46A775E5212EC8700051D692 /* MIAssetsManagerDelegate.swift in Sources */,
				46A775E3212EC8700051D692 /* MIExifContainer.swift in Sources */,
				46A775EA212EC8700051D692 /* MIMessageInputView.swift in Sources */,
				46A775E6212EC8700051D692 /* MIAssetsManager.swift in Sources */,
				46A775DC212EC8700051D692 /* MIGradientView.swift in Sources */,
				46A775DF212EC8700051D692 /* AssetCollectionViewCell.swift in Sources */,
				46A775EB212EC8700051D692 /* MIMessageInputViewDelegate.swift in Sources */,
				46A775E2212EC8700051D692 /* MIPhotoCaptureProcessor.swift in Sources */,
				46A775E4212EC8700051D692 /* MICameraManager.swift in Sources */,
				46A775E1212EC8700051D692 /* MIVideoPreviewView.swift in Sources */,
				46A775DA212EC8700051D692 /* MIAssetPickerViewDelegate.swift in Sources */,
				46A775DB212EC8700051D692 /* MIAssetPickerView.swift in Sources */,
			);
			runOnlyForDeploymentPostprocessing = 0;
		};
/* End PBXSourcesBuildPhase section */

/* Begin XCBuildConfiguration section */
		0A7D331C15AB7C7972EC1C6D25916EC1 /* Debug */ = {
			isa = XCBuildConfiguration;
			buildSettings = {
				CLANG_ENABLE_MODULES = YES;
				CODE_SIGN_IDENTITY = "";
				"CODE_SIGN_IDENTITY[sdk=appletvos*]" = "";
				"CODE_SIGN_IDENTITY[sdk=iphoneos*]" = "";
				"CODE_SIGN_IDENTITY[sdk=watchos*]" = "";
				CURRENT_PROJECT_VERSION = 1;
				DEFINES_MODULE = YES;
				DYLIB_COMPATIBILITY_VERSION = 1;
				DYLIB_CURRENT_VERSION = 1;
				DYLIB_INSTALL_NAME_BASE = "@rpath";
				EMBED_ASSET_PACKS_IN_PRODUCT_BUNDLE = YES;
				GCC_PREFIX_HEADER = "$(SRCROOT)/MessageInputManager/MessageInputManager-prefix.pch";
				INFOPLIST_FILE = "$(SRCROOT)/MessageInputManager/Info.plist";
				INSTALL_PATH = "$(LOCAL_LIBRARY_DIR)/Frameworks";
				IPHONEOS_DEPLOYMENT_TARGET = 9.0;
				LD_RUNPATH_SEARCH_PATHS = "$(inherited) @executable_path/Frameworks @loader_path/Frameworks";
				MODULEMAP_FILE = "";
				PRODUCT_BUNDLE_IDENTIFIER = com.atominc.MessageInputManager;
				PRODUCT_MODULE_NAME = MessageInputManager;
				PRODUCT_NAME = MessageInputManager;
				SDKROOT = iphoneos;
				SKIP_INSTALL = YES;
				SWIFT_ACTIVE_COMPILATION_CONDITIONS = "$(inherited) ";
				SWIFT_OPTIMIZATION_LEVEL = "-Onone";
				SWIFT_VERSION = 4.0;
				TARGETED_DEVICE_FAMILY = "1,2";
				VERSIONING_SYSTEM = "apple-generic";
				VERSION_INFO_PREFIX = "";
			};
			name = Debug;
		};
		8B33C5230DE4A9DFA6D8F46505DD7AF7 /* Debug */ = {
			isa = XCBuildConfiguration;
			buildSettings = {
				ALWAYS_SEARCH_USER_PATHS = NO;
				CLANG_ANALYZER_NONNULL = YES;
				CLANG_ANALYZER_NUMBER_OBJECT_CONVERSION = YES_AGGRESSIVE;
				CLANG_CXX_LANGUAGE_STANDARD = "gnu++14";
				CLANG_CXX_LIBRARY = "libc++";
				CLANG_ENABLE_MODULES = YES;
				CLANG_ENABLE_OBJC_ARC = YES;
				CLANG_ENABLE_OBJC_WEAK = YES;
				CLANG_WARN_BLOCK_CAPTURE_AUTORELEASING = YES;
				CLANG_WARN_BOOL_CONVERSION = YES;
				CLANG_WARN_COMMA = YES;
				CLANG_WARN_CONSTANT_CONVERSION = YES;
				CLANG_WARN_DEPRECATED_OBJC_IMPLEMENTATIONS = YES;
				CLANG_WARN_DIRECT_OBJC_ISA_USAGE = YES_ERROR;
				CLANG_WARN_DOCUMENTATION_COMMENTS = YES;
				CLANG_WARN_EMPTY_BODY = YES;
				CLANG_WARN_ENUM_CONVERSION = YES;
				CLANG_WARN_INFINITE_RECURSION = YES;
				CLANG_WARN_INT_CONVERSION = YES;
				CLANG_WARN_NON_LITERAL_NULL_CONVERSION = YES;
				CLANG_WARN_OBJC_IMPLICIT_RETAIN_SELF = YES;
				CLANG_WARN_OBJC_LITERAL_CONVERSION = YES;
				CLANG_WARN_OBJC_ROOT_CLASS = YES_ERROR;
				CLANG_WARN_RANGE_LOOP_ANALYSIS = YES;
				CLANG_WARN_STRICT_PROTOTYPES = YES;
				CLANG_WARN_SUSPICIOUS_MOVE = YES;
				CLANG_WARN_UNGUARDED_AVAILABILITY = YES_AGGRESSIVE;
				CLANG_WARN_UNREACHABLE_CODE = YES;
				CLANG_WARN__DUPLICATE_METHOD_MATCH = YES;
				CODE_SIGNING_ALLOWED = NO;
				CODE_SIGNING_REQUIRED = NO;
				COPY_PHASE_STRIP = NO;
				DEBUG_INFORMATION_FORMAT = dwarf;
				ENABLE_STRICT_OBJC_MSGSEND = YES;
				ENABLE_TESTABILITY = YES;
				GCC_C_LANGUAGE_STANDARD = gnu11;
				GCC_DYNAMIC_NO_PIC = NO;
				GCC_NO_COMMON_BLOCKS = YES;
				GCC_OPTIMIZATION_LEVEL = 0;
				GCC_PREPROCESSOR_DEFINITIONS = (
					"POD_CONFIGURATION_DEBUG=1",
					"DEBUG=1",
					"$(inherited)",
				);
				GCC_WARN_64_TO_32_BIT_CONVERSION = YES;
				GCC_WARN_ABOUT_RETURN_TYPE = YES_ERROR;
				GCC_WARN_UNDECLARED_SELECTOR = YES;
				GCC_WARN_UNINITIALIZED_AUTOS = YES_AGGRESSIVE;
				GCC_WARN_UNUSED_FUNCTION = YES;
				GCC_WARN_UNUSED_VARIABLE = YES;
				IPHONEOS_DEPLOYMENT_TARGET = 9.0;
				MTL_ENABLE_DEBUG_INFO = YES;
				ONLY_ACTIVE_ARCH = YES;
				PRODUCT_NAME = "$(TARGET_NAME)";
				STRIP_INSTALLED_PRODUCT = NO;
				SWIFT_ACTIVE_COMPILATION_CONDITIONS = DEBUG;
				SYMROOT = "${SRCROOT}/../build";
			};
			name = Debug;
		};
		B42B54097A876E8A982CBF5DAA91B1AB /* Release */ = {
			isa = XCBuildConfiguration;
			buildSettings = {
				ALWAYS_SEARCH_USER_PATHS = NO;
				CLANG_ANALYZER_NONNULL = YES;
				CLANG_ANALYZER_NUMBER_OBJECT_CONVERSION = YES_AGGRESSIVE;
				CLANG_CXX_LANGUAGE_STANDARD = "gnu++14";
				CLANG_CXX_LIBRARY = "libc++";
				CLANG_ENABLE_MODULES = YES;
				CLANG_ENABLE_OBJC_ARC = YES;
				CLANG_ENABLE_OBJC_WEAK = YES;
				CLANG_WARN_BLOCK_CAPTURE_AUTORELEASING = YES;
				CLANG_WARN_BOOL_CONVERSION = YES;
				CLANG_WARN_COMMA = YES;
				CLANG_WARN_CONSTANT_CONVERSION = YES;
				CLANG_WARN_DEPRECATED_OBJC_IMPLEMENTATIONS = YES;
				CLANG_WARN_DIRECT_OBJC_ISA_USAGE = YES_ERROR;
				CLANG_WARN_DOCUMENTATION_COMMENTS = YES;
				CLANG_WARN_EMPTY_BODY = YES;
				CLANG_WARN_ENUM_CONVERSION = YES;
				CLANG_WARN_INFINITE_RECURSION = YES;
				CLANG_WARN_INT_CONVERSION = YES;
				CLANG_WARN_NON_LITERAL_NULL_CONVERSION = YES;
				CLANG_WARN_OBJC_IMPLICIT_RETAIN_SELF = YES;
				CLANG_WARN_OBJC_LITERAL_CONVERSION = YES;
				CLANG_WARN_OBJC_ROOT_CLASS = YES_ERROR;
				CLANG_WARN_RANGE_LOOP_ANALYSIS = YES;
				CLANG_WARN_STRICT_PROTOTYPES = YES;
				CLANG_WARN_SUSPICIOUS_MOVE = YES;
				CLANG_WARN_UNGUARDED_AVAILABILITY = YES_AGGRESSIVE;
				CLANG_WARN_UNREACHABLE_CODE = YES;
				CLANG_WARN__DUPLICATE_METHOD_MATCH = YES;
				CODE_SIGNING_ALLOWED = NO;
				CODE_SIGNING_REQUIRED = NO;
				COPY_PHASE_STRIP = NO;
				DEBUG_INFORMATION_FORMAT = "dwarf-with-dsym";
				ENABLE_NS_ASSERTIONS = NO;
				ENABLE_STRICT_OBJC_MSGSEND = YES;
				GCC_C_LANGUAGE_STANDARD = gnu11;
				GCC_NO_COMMON_BLOCKS = YES;
				GCC_PREPROCESSOR_DEFINITIONS = (
					"POD_CONFIGURATION_RELEASE=1",
					"$(inherited)",
				);
				GCC_WARN_64_TO_32_BIT_CONVERSION = YES;
				GCC_WARN_ABOUT_RETURN_TYPE = YES_ERROR;
				GCC_WARN_UNDECLARED_SELECTOR = YES;
				GCC_WARN_UNINITIALIZED_AUTOS = YES_AGGRESSIVE;
				GCC_WARN_UNUSED_FUNCTION = YES;
				GCC_WARN_UNUSED_VARIABLE = YES;
				IPHONEOS_DEPLOYMENT_TARGET = 9.0;
				MTL_ENABLE_DEBUG_INFO = NO;
				PRODUCT_NAME = "$(TARGET_NAME)";
				STRIP_INSTALLED_PRODUCT = NO;
				SWIFT_COMPILATION_MODE = wholemodule;
				SYMROOT = "${SRCROOT}/../build";
			};
			name = Release;
		};
		D77EF4CD113CC22D02AC28FBD9F711AA /* Release */ = {
			isa = XCBuildConfiguration;
			buildSettings = {
				CLANG_ENABLE_MODULES = YES;
				CODE_SIGN_IDENTITY = "";
				"CODE_SIGN_IDENTITY[sdk=appletvos*]" = "";
				"CODE_SIGN_IDENTITY[sdk=iphoneos*]" = "";
				"CODE_SIGN_IDENTITY[sdk=watchos*]" = "";
				CURRENT_PROJECT_VERSION = 1;
				DEFINES_MODULE = YES;
				DYLIB_COMPATIBILITY_VERSION = 1;
				DYLIB_CURRENT_VERSION = 1;
				DYLIB_INSTALL_NAME_BASE = "@rpath";
				EMBED_ASSET_PACKS_IN_PRODUCT_BUNDLE = YES;
				GCC_PREFIX_HEADER = "$(SRCROOT)/MessageInputManager/MessageInputManager-prefix.pch";
				INFOPLIST_FILE = "$(SRCROOT)/MessageInputManager/Info.plist";
				INSTALL_PATH = "$(LOCAL_LIBRARY_DIR)/Frameworks";
				IPHONEOS_DEPLOYMENT_TARGET = 9.0;
				LD_RUNPATH_SEARCH_PATHS = "$(inherited) @executable_path/Frameworks @loader_path/Frameworks";
				MODULEMAP_FILE = "";
				PRODUCT_BUNDLE_IDENTIFIER = com.atominc.MessageInputManager;
				PRODUCT_MODULE_NAME = MessageInputManager;
				PRODUCT_NAME = MessageInputManager;
				SDKROOT = iphoneos;
				SKIP_INSTALL = YES;
				SWIFT_ACTIVE_COMPILATION_CONDITIONS = "$(inherited) ";
				SWIFT_OPTIMIZATION_LEVEL = "-Owholemodule";
				SWIFT_VERSION = 4.0;
				TARGETED_DEVICE_FAMILY = "1,2";
				VALIDATE_PRODUCT = YES;
				VERSIONING_SYSTEM = "apple-generic";
				VERSION_INFO_PREFIX = "";
			};
			name = Release;
		};
/* End XCBuildConfiguration section */

/* Begin XCConfigurationList section */
		2D8E8EC45A3A1A1D94AE762CB5028504 /* Build configuration list for PBXProject "MessageInputManager" */ = {
			isa = XCConfigurationList;
			buildConfigurations = (
				8B33C5230DE4A9DFA6D8F46505DD7AF7 /* Debug */,
				B42B54097A876E8A982CBF5DAA91B1AB /* Release */,
			);
			defaultConfigurationIsVisible = 0;
			defaultConfigurationName = Release;
		};
		96D22DE6F7379D131988D723A0ECEEDD /* Build configuration list for PBXNativeTarget "MessageInputManager" */ = {
			isa = XCConfigurationList;
			buildConfigurations = (
				0A7D331C15AB7C7972EC1C6D25916EC1 /* Debug */,
				D77EF4CD113CC22D02AC28FBD9F711AA /* Release */,
			);
			defaultConfigurationIsVisible = 0;
			defaultConfigurationName = Release;
		};
/* End XCConfigurationList section */
	};
	rootObject = D41D8CD98F00B204E9800998ECF8427E /* Project object */;
}
